
Microsoft Visual Studio Solution File, Format Version 12.00
# Visual Studio Version 16
VisualStudioVersion = 16.0.31105.61
MinimumVisualStudioVersion = 10.0.40219.1
Project("{FAE04EC0-301F-11D3-BF4B-00C04F79EFBC}") = "DevItPractical", "DevItPractical.csproj", "{9112E4A4-2A51-4410-9D0A-A22B73FAB8C3}"
EndProject
Global
	GlobalSection(SolutionConfigurationPlatforms) = preSolution
		Debug|Any CPU = Debug|Any CPU
		Release|Any CPU = Release|Any CPU
	EndGlobalSection
	GlobalSection(ProjectConfigurationPlatforms) = postSolution
		{9112E4A4-2A51-4410-9D0A-A22B73FAB8C3}.Debug|Any CPU.ActiveCfg = Debug|Any CPU
		{9112E4A4-2A51-4410-9D0A-A22B73FAB8C3}.Debug|Any CPU.Build.0 = Debug|Any CPU
		{9112E4A4-2A51-4410-9D0A-A22B73FAB8C3}.Release|Any CPU.ActiveCfg = Release|Any CPU
		{9112E4A4-2A51-4410-9D0A-A22B73FAB8C3}.Release|Any CPU.Build.0 = Release|Any CPU
	EndGlobalSection
	GlobalSection(SolutionProperties) = preSolution
		HideSolutionNode = FALSE
	EndGlobalSection
	GlobalSection(ExtensibilityGlobals) = postSolution
		SolutionGuid = {B85FAEF7-8A8E-43D9-B074-EC29177411A0}
	EndGlobalSection
EndGlobal
